{
    "_readme": [
        "This file locks the dependencies of your project to a known state",
        "Read more about it at http://getcomposer.org/doc/01-basic-usage.md#composer-lock-the-lock-file",
        "This file is @generated automatically"
    ],
    "hash": "68e8c15af4c3ebd7edacfbec296d1c58",
    "packages": [
        {
            "name": "composer/installers",
            "version": "dev-master",
            "source": {
                "type": "git",
                "url": "https://github.com/composer/installers.git",
                "reference": "020fa1983597249bfcb947b485c5aac8e0e36652"
            },
            "dist": {
                "type": "zip",
                "url": "https://api.github.com/repos/composer/installers/zipball/020fa1983597249bfcb947b485c5aac8e0e36652",
                "reference": "020fa1983597249bfcb947b485c5aac8e0e36652",
                "shasum": ""
            },
            "replace": {
                "roundcube/plugin-installer": "*",
                "shama/baton": "*"
            },
            "require-dev": {
                "composer/composer": "1.0.*@dev",
                "phpunit/phpunit": "4.1.*"
            },
            "type": "composer-installer",
            "extra": {
                "class": "Composer\\Installers\\Installer",
                "branch-alias": {
                    "dev-master": "1.0-dev"
                }
            },
            "autoload": {
                "psr-0": {
                    "Composer\\Installers\\": "src/"
                }
            },
            "notification-url": "https://packagist.org/downloads/",
            "license": [
                "MIT"
            ],
            "authors": [
                {
                    "name": "Kyle Robinson Young",
                    "email": "kyle@dontkry.com",
                    "homepage": "https://github.com/shama",
                    "role": "Developer"
                }
            ],
            "description": "A multi-framework Composer library installer",
            "homepage": "http://composer.github.com/installers/",
            "keywords": [
                "Craft",
                "Dolibarr",
                "Hurad",
                "MODX Evo",
                "OXID",
                "WolfCMS",
                "agl",
                "annotatecms",
                "bitrix",
                "cakephp",
                "codeigniter",
                "concrete5",
                "croogo",
                "drupal",
                "elgg",
                "fuelphp",
                "installer",
                "joomla",
                "kohana",
                "laravel",
                "lithium",
                "magento",
                "mako",
                "mediawiki",
                "modulework",
                "moodle",
                "phpbb",
                "piwik",
                "ppi",
                "roundcube",
                "shopware",
                "silverstripe",
                "symfony",
                "typo3",
                "wordpress",
                "zend",
                "zikula"
            ],
            "time": "2014-07-09 14:29:42"
        },
        {
            "name": "wcm/astrofields",
            "version": "dev-master",
            "source": {
                "type": "git",
                "url": "https://github.com/AstroFields/Core.git",
                "reference": "a60ad60b74c39c831515f0dae70ce78814d22d66"
            },
            "dist": {
                "type": "zip",
                "url": "https://api.github.com/repos/AstroFields/Core/zipball/a60ad60b74c39c831515f0dae70ce78814d22d66",
                "reference": "a60ad60b74c39c831515f0dae70ce78814d22d66",
                "shasum": ""
            },
            "require": {
                "composer/installers": "~1.0",
                "php": ">=5.3"
            },
            "type": "wordpress-plugin",
            "autoload": {
                "psr-4": {
                    "WCM\\AstroFields\\": "src\\"
                }
            },
            "license": [
                "MIT"
            ],
            "authors": [
                {
                    "name": "Kaiser Franz Josef",
                    "email": "wecodemore@gmail.com"
                }
            ],
            "description": "A PHP Pattern Library for Fields, Forms and other User Input",
            "homepage": "https://github.com/AstroFields/Core",
            "keywords": [
                "fields",
                "forms",
                "wordpress"
            ],
            "support": {
                "issues": "https://github.com/AstroFields/Core/issues",
                "source": "https://github.com/AstroFields/Core/tree/master"
            },
            "time": "2014-07-12 15:46:08"
        }
    ],
    "packages-dev": [

    ],
    "aliases": [

    ],
    "minimum-stability": "dev",
    "stability-flags": [

    ],
    "platform": {
        "php": ">=5.3"
    },
    "platform-dev": [

    ]
}
